
Microsoft Visual Studio Solution File, Format Version 12.00
# Visual Studio Version 17
VisualStudioVersion = 17.0.31903.59
MinimumVisualStudioVersion = 10.0.40219.1
Project("{FAE04EC0-301F-11D3-BF4B-00C04F79EFBC}") = "SortingAlgorithms.Core", "SortingAlgorithms.Core\SortingAlgorithms.Core.csproj", "{FBB1CC6D-A241-4C0F-81FD-3D89D604DDE5}"
EndProject
Project("{FAE04EC0-301F-11D3-BF4B-00C04F79EFBC}") = "SortingAlgorithms.GUI", "SortingAlgorithms.GUI\SortingAlgorithms.GUI.csproj", "{0A4C3A03-7172-4329-BF5D-1D38CDF2AFA7}"
EndProject
Project("{FAE04EC0-301F-11D3-BF4B-00C04F79EFBC}") = "SortingAlgorithms.Tests", "SortingAlgorithms.Tests\SortingAlgorithms.Tests.csproj", "{DB0C87F1-165D-4A36-BE50-7BB8BB05964B}"
EndProject
Global
	GlobalSection(SolutionConfigurationPlatforms) = preSolution
		Debug|Any CPU = Debug|Any CPU
		Debug|x64 = Debug|x64
		Debug|x86 = Debug|x86
		Release|Any CPU = Release|Any CPU
		Release|x64 = Release|x64
		Release|x86 = Release|x86
	EndGlobalSection
	GlobalSection(ProjectConfigurationPlatforms) = postSolution
		{FBB1CC6D-A241-4C0F-81FD-3D89D604DDE5}.Debug|Any CPU.ActiveCfg = Debug|Any CPU
		{FBB1CC6D-A241-4C0F-81FD-3D89D604DDE5}.Debug|Any CPU.Build.0 = Debug|Any CPU
		{FBB1CC6D-A241-4C0F-81FD-3D89D604DDE5}.Debug|x64.ActiveCfg = Debug|Any CPU
		{FBB1CC6D-A241-4C0F-81FD-3D89D604DDE5}.Debug|x64.Build.0 = Debug|Any CPU
		{FBB1CC6D-A241-4C0F-81FD-3D89D604DDE5}.Debug|x86.ActiveCfg = Debug|Any CPU
		{FBB1CC6D-A241-4C0F-81FD-3D89D604DDE5}.Debug|x86.Build.0 = Debug|Any CPU
		{FBB1CC6D-A241-4C0F-81FD-3D89D604DDE5}.Release|Any CPU.ActiveCfg = Release|Any CPU
		{FBB1CC6D-A241-4C0F-81FD-3D89D604DDE5}.Release|Any CPU.Build.0 = Release|Any CPU
		{FBB1CC6D-A241-4C0F-81FD-3D89D604DDE5}.Release|x64.ActiveCfg = Release|Any CPU
		{FBB1CC6D-A241-4C0F-81FD-3D89D604DDE5}.Release|x64.Build.0 = Release|Any CPU
		{FBB1CC6D-A241-4C0F-81FD-3D89D604DDE5}.Release|x86.ActiveCfg = Release|Any CPU
		{FBB1CC6D-A241-4C0F-81FD-3D89D604DDE5}.Release|x86.Build.0 = Release|Any CPU
		{0A4C3A03-7172-4329-BF5D-1D38CDF2AFA7}.Debug|Any CPU.ActiveCfg = Debug|Any CPU
		{0A4C3A03-7172-4329-BF5D-1D38CDF2AFA7}.Debug|Any CPU.Build.0 = Debug|Any CPU
		{0A4C3A03-7172-4329-BF5D-1D38CDF2AFA7}.Debug|x64.ActiveCfg = Debug|Any CPU
		{0A4C3A03-7172-4329-BF5D-1D38CDF2AFA7}.Debug|x64.Build.0 = Debug|Any CPU
		{0A4C3A03-7172-4329-BF5D-1D38CDF2AFA7}.Debug|x86.ActiveCfg = Debug|Any CPU
		{0A4C3A03-7172-4329-BF5D-1D38CDF2AFA7}.Debug|x86.Build.0 = Debug|Any CPU
		{0A4C3A03-7172-4329-BF5D-1D38CDF2AFA7}.Release|Any CPU.ActiveCfg = Release|Any CPU
		{0A4C3A03-7172-4329-BF5D-1D38CDF2AFA7}.Release|Any CPU.Build.0 = Release|Any CPU
		{0A4C3A03-7172-4329-BF5D-1D38CDF2AFA7}.Release|x64.ActiveCfg = Release|Any CPU
		{0A4C3A03-7172-4329-BF5D-1D38CDF2AFA7}.Release|x64.Build.0 = Release|Any CPU
		{0A4C3A03-7172-4329-BF5D-1D38CDF2AFA7}.Release|x86.ActiveCfg = Release|Any CPU
		{0A4C3A03-7172-4329-BF5D-1D38CDF2AFA7}.Release|x86.Build.0 = Release|Any CPU
		{DB0C87F1-165D-4A36-BE50-7BB8BB05964B}.Debug|Any CPU.ActiveCfg = Debug|Any CPU
		{DB0C87F1-165D-4A36-BE50-7BB8BB05964B}.Debug|Any CPU.Build.0 = Debug|Any CPU
		{DB0C87F1-165D-4A36-BE50-7BB8BB05964B}.Debug|x64.ActiveCfg = Debug|Any CPU
		{DB0C87F1-165D-4A36-BE50-7BB8BB05964B}.Debug|x64.Build.0 = Debug|Any CPU
		{DB0C87F1-165D-4A36-BE50-7BB8BB05964B}.Debug|x86.ActiveCfg = Debug|Any CPU
		{DB0C87F1-165D-4A36-BE50-7BB8BB05964B}.Debug|x86.Build.0 = Debug|Any CPU
		{DB0C87F1-165D-4A36-BE50-7BB8BB05964B}.Release|Any CPU.ActiveCfg = Release|Any CPU
		{DB0C87F1-165D-4A36-BE50-7BB8BB05964B}.Release|Any CPU.Build.0 = Release|Any CPU
		{DB0C87F1-165D-4A36-BE50-7BB8BB05964B}.Release|x64.ActiveCfg = Release|Any CPU
		{DB0C87F1-165D-4A36-BE50-7BB8BB05964B}.Release|x64.Build.0 = Release|Any CPU
		{DB0C87F1-165D-4A36-BE50-7BB8BB05964B}.Release|x86.ActiveCfg = Release|Any CPU
		{DB0C87F1-165D-4A36-BE50-7BB8BB05964B}.Release|x86.Build.0 = Release|Any CPU
	EndGlobalSection
	GlobalSection(SolutionProperties) = preSolution
		HideSolutionNode = FALSE
	EndGlobalSection
EndGlobal
